
Microsoft Visual Studio Solution File, Format Version 12.00
# Visual Studio Version 17
VisualStudioVersion = 17.13.35806.99
MinimumVisualStudioVersion = 10.0.40219.1
Project("{FAE04EC0-301F-11D3-BF4B-00C04F79EFBC}") = "PrismDemo", "PrismDemo\PrismDemo.csproj", "{616D85A3-3458-468E-BDDF-24274458D882}"
EndProject
Global
	GlobalSection(SolutionConfigurationPlatforms) = preSolution
		Debug|Any CPU = Debug|Any CPU
		Release|Any CPU = Release|Any CPU
	EndGlobalSection
	GlobalSection(ProjectConfigurationPlatforms) = postSolution
		{616D85A3-3458-468E-BDDF-24274458D882}.Debug|Any CPU.ActiveCfg = Debug|Any CPU
		{616D85A3-3458-468E-BDDF-24274458D882}.Debug|Any CPU.Build.0 = Debug|Any CPU
		{616D85A3-3458-468E-BDDF-24274458D882}.Release|Any CPU.ActiveCfg = Release|Any CPU
		{616D85A3-3458-468E-BDDF-24274458D882}.Release|Any CPU.Build.0 = Release|Any CPU
	EndGlobalSection
	GlobalSection(SolutionProperties) = preSolution
		HideSolutionNode = FALSE
	EndGlobalSection
	GlobalSection(ExtensibilityGlobals) = postSolution
		SolutionGuid = {E4CF9A0A-054A-43F1-9CB8-112179998D5A}
	EndGlobalSection
EndGlobal
